// !$*UTF8*$!
{
	archiveVersion = 1;
	classes = {
	};
	objectVersion = 50;
	objects = {

/* Begin PBXBuildFile section */
		3C294EC2219B43FF0027042B /* ParkingLocationViewController.swift in Sources */ = {isa = PBXBuildFile; fileRef = 3C294EC1219B43FF0027042B /* ParkingLocationViewController.swift */; };
		3C294EC7219B69670027042B /* ContactViewController.swift in Sources */ = {isa = PBXBuildFile; fileRef = 3C294EC6219B69670027042B /* ContactViewController.swift */; };
		3C294ECC219B701A0027042B /* ParkingReportTableViewController.swift in Sources */ = {isa = PBXBuildFile; fileRef = 3C294ECB219B701A0027042B /* ParkingReportTableViewController.swift */; };
		3C294EF0219BB2AF0027042B /* Ticket.plist in Resources */ = {isa = PBXBuildFile; fileRef = 3C294EEF219BB2AF0027042B /* Ticket.plist */; };
		3C3AC877218CC9E00099B741 /* LoginViewController.swift in Sources */ = {isa = PBXBuildFile; fileRef = 3C3AC876218CC9E00099B741 /* LoginViewController.swift */; };
		3C3AC879218CF90E0099B741 /* RegisterViewController.swift in Sources */ = {isa = PBXBuildFile; fileRef = 3C3AC878218CF90E0099B741 /* RegisterViewController.swift */; };
		3C3AC8AC218D580E0099B741 /* GoogleService-Info.plist in Resources */ = {isa = PBXBuildFile; fileRef = 3C3AC8AB218D580E0099B741 /* GoogleService-Info.plist */; };
		3C4AA09F218C9098006DE138 /* AppDelegate.swift in Sources */ = {isa = PBXBuildFile; fileRef = 3C4AA09E218C9098006DE138 /* AppDelegate.swift */; };
		3C4AA0A1218C9098006DE138 /* LauncherViewController.swift in Sources */ = {isa = PBXBuildFile; fileRef = 3C4AA0A0218C9098006DE138 /* LauncherViewController.swift */; };
		3C4AA0A4218C9098006DE138 /* Main.storyboard in Resources */ = {isa = PBXBuildFile; fileRef = 3C4AA0A2218C9098006DE138 /* Main.storyboard */; };
		3C4AA0A6218C909D006DE138 /* Assets.xcassets in Resources */ = {isa = PBXBuildFile; fileRef = 3C4AA0A5218C909D006DE138 /* Assets.xcassets */; };
		3C4AA0A9218C909D006DE138 /* LaunchScreen.storyboard in Resources */ = {isa = PBXBuildFile; fileRef = 3C4AA0A7218C909D006DE138 /* LaunchScreen.storyboard */; };
		3C6993CF2190D70900BEA7C9 /* Utils.swift in Sources */ = {isa = PBXBuildFile; fileRef = 3C6993CE2190D70900BEA7C9 /* Utils.swift */; };
		3C7BC4E1218E3CFF001E15C2 /* TestViewController.swift in Sources */ = {isa = PBXBuildFile; fileRef = 3C7BC4E0218E3CFF001E15C2 /* TestViewController.swift */; };
		3CC9AE562199F07000BD2E75 /* EditUserViewController.swift in Sources */ = {isa = PBXBuildFile; fileRef = 3CC9AE552199F07000BD2E75 /* EditUserViewController.swift */; };
		3CC9AE582199F1DE00BD2E75 /* giselle.jpg in Resources */ = {isa = PBXBuildFile; fileRef = 3CC9AE572199F1DE00BD2E75 /* giselle.jpg */; };
		3CC9AE63219A083500BD2E75 /* outline_mail_outline_black_24dp.png in Resources */ = {isa = PBXBuildFile; fileRef = 3CC9AE61219A083400BD2E75 /* outline_mail_outline_black_24dp.png */; };
		3CC9AE64219A083500BD2E75 /* outline_contact_support_black_24dp.png in Resources */ = {isa = PBXBuildFile; fileRef = 3CC9AE62219A083400BD2E75 /* outline_contact_support_black_24dp.png */; };
		BE42802D94B29D6B10FCF298 /* Pods_FinalProject.framework in Frameworks */ = {isa = PBXBuildFile; fileRef = C4B94397762FE5AC271FA787 /* Pods_FinalProject.framework */; };
		C8185C2E219CB65D00F0A04E /* InstructionViewController.swift in Sources */ = {isa = PBXBuildFile; fileRef = C8185C2D219CB65D00F0A04E /* InstructionViewController.swift */; };
		C8185C30219CB96F00F0A04E /* Instructions.html in Resources */ = {isa = PBXBuildFile; fileRef = C8185C2F219CB96F00F0A04E /* Instructions.html */; };
		C88F9D4C2192646C00D9EF81 /* MenuTableTableViewController.swift in Sources */ = {isa = PBXBuildFile; fileRef = C88F9D4B2192646C00D9EF81 /* MenuTableTableViewController.swift */; };
		C88F9D5E2192756F00D9EF81 /* outline_home_black_24pt_2x.png in Resources */ = {isa = PBXBuildFile; fileRef = C88F9D562192756E00D9EF81 /* outline_home_black_24pt_2x.png */; };
		C88F9D5F2192756F00D9EF81 /* outline_exit_to_app_black_24pt_2x.png in Resources */ = {isa = PBXBuildFile; fileRef = C88F9D572192756E00D9EF81 /* outline_exit_to_app_black_24pt_2x.png */; };
		C88F9D602192756F00D9EF81 /* outline_credit_card_black_24pt_2x.png in Resources */ = {isa = PBXBuildFile; fileRef = C88F9D582192756E00D9EF81 /* outline_credit_card_black_24pt_2x.png */; };
		C88F9D612192756F00D9EF81 /* outline_assessment_black_24pt_2x.png in Resources */ = {isa = PBXBuildFile; fileRef = C88F9D592192756E00D9EF81 /* outline_assessment_black_24pt_2x.png */; };
		C88F9D622192756F00D9EF81 /* outline_person_black_24pt_2x.png in Resources */ = {isa = PBXBuildFile; fileRef = C88F9D5A2192756E00D9EF81 /* outline_person_black_24pt_2x.png */; };
		C88F9D632192756F00D9EF81 /* outline_receipt_black_24pt_2x.png in Resources */ = {isa = PBXBuildFile; fileRef = C88F9D5B2192756E00D9EF81 /* outline_receipt_black_24pt_2x.png */; };
		C88F9D642192756F00D9EF81 /* outline_location_on_black_24pt_2x.png in Resources */ = {isa = PBXBuildFile; fileRef = C88F9D5C2192756E00D9EF81 /* outline_location_on_black_24pt_2x.png */; };
		C88F9D652192756F00D9EF81 /* outline_time_to_leave_black_24pt_2x.png in Resources */ = {isa = PBXBuildFile; fileRef = C88F9D5D2192756E00D9EF81 /* outline_time_to_leave_black_24pt_2x.png */; };
		D474A8CB21A1CF3600C26CE7 /* TicketComposer.swift in Sources */ = {isa = PBXBuildFile; fileRef = D474A8CA21A1CF3600C26CE7 /* TicketComposer.swift */; };
		D474A8CD21A1CF8800C26CE7 /* ticket_template.html in Resources */ = {isa = PBXBuildFile; fileRef = D474A8CC21A1CF8800C26CE7 /* ticket_template.html */; };
		D474A8CF21A1D8EB00C26CE7 /* CustomPrintPageRenderer.swift in Sources */ = {isa = PBXBuildFile; fileRef = D474A8CE21A1D8EB00C26CE7 /* CustomPrintPageRenderer.swift */; };
		D49DD7BF219BACC80002768C /* AddTicketViewController.swift in Sources */ = {isa = PBXBuildFile; fileRef = D49DD7BE219BACC80002768C /* AddTicketViewController.swift */; };
		D4DA482121A0B8380001750B /* PreviewViewController.swift in Sources */ = {isa = PBXBuildFile; fileRef = D4DA482021A0B8370001750B /* PreviewViewController.swift */; };
		D4DA482421A0BBFC0001750B /* Ticket.plist in Resources */ = {isa = PBXBuildFile; fileRef = D4DA482221A0BBFB0001750B /* Ticket.plist */; };
/* End PBXBuildFile section */

/* Begin PBXFileReference section */
		18AE7259AED7F2FB6E03A25A /* Pods-FinalProject.release.xcconfig */ = {isa = PBXFileReference; includeInIndex = 1; lastKnownFileType = text.xcconfig; name = "Pods-FinalProject.release.xcconfig"; path = "Pods/Target Support Files/Pods-FinalProject/Pods-FinalProject.release.xcconfig"; sourceTree = "<group>"; };
		3C294EC1219B43FF0027042B /* ParkingLocationViewController.swift */ = {isa = PBXFileReference; lastKnownFileType = sourcecode.swift; path = ParkingLocationViewController.swift; sourceTree = "<group>"; };
		3C294EC6219B69670027042B /* ContactViewController.swift */ = {isa = PBXFileReference; lastKnownFileType = sourcecode.swift; path = ContactViewController.swift; sourceTree = "<group>"; };
		3C294ECB219B701A0027042B /* ParkingReportTableViewController.swift */ = {isa = PBXFileReference; lastKnownFileType = sourcecode.swift; path = ParkingReportTableViewController.swift; sourceTree = "<group>"; };
		3C294EEF219BB2AF0027042B /* Ticket.plist */ = {isa = PBXFileReference; lastKnownFileType = text.plist.xml; path = Ticket.plist; sourceTree = "<group>"; };
		3C3AC876218CC9E00099B741 /* LoginViewController.swift */ = {isa = PBXFileReference; lastKnownFileType = sourcecode.swift; path = LoginViewController.swift; sourceTree = "<group>"; };
		3C3AC878218CF90E0099B741 /* RegisterViewController.swift */ = {isa = PBXFileReference; lastKnownFileType = sourcecode.swift; path = RegisterViewController.swift; sourceTree = "<group>"; };
		3C3AC8AB218D580E0099B741 /* GoogleService-Info.plist */ = {isa = PBXFileReference; fileEncoding = 4; lastKnownFileType = text.plist.xml; path = "GoogleService-Info.plist"; sourceTree = "<group>"; };
		3C4AA09B218C9098006DE138 /* FinalProject.app */ = {isa = PBXFileReference; explicitFileType = wrapper.application; includeInIndex = 0; path = FinalProject.app; sourceTree = BUILT_PRODUCTS_DIR; };
		3C4AA09E218C9098006DE138 /* AppDelegate.swift */ = {isa = PBXFileReference; lastKnownFileType = sourcecode.swift; path = AppDelegate.swift; sourceTree = "<group>"; };
		3C4AA0A0218C9098006DE138 /* LauncherViewController.swift */ = {isa = PBXFileReference; lastKnownFileType = sourcecode.swift; path = LauncherViewController.swift; sourceTree = "<group>"; };
		3C4AA0A3218C9098006DE138 /* Base */ = {isa = PBXFileReference; lastKnownFileType = file.storyboard; name = Base; path = Base.lproj/Main.storyboard; sourceTree = "<group>"; };
		3C4AA0A5218C909D006DE138 /* Assets.xcassets */ = {isa = PBXFileReference; lastKnownFileType = folder.assetcatalog; path = Assets.xcassets; sourceTree = "<group>"; };
		3C4AA0A8218C909D006DE138 /* Base */ = {isa = PBXFileReference; lastKnownFileType = file.storyboard; name = Base; path = Base.lproj/LaunchScreen.storyboard; sourceTree = "<group>"; };
		3C4AA0AA218C909D006DE138 /* Info.plist */ = {isa = PBXFileReference; lastKnownFileType = text.plist.xml; path = Info.plist; sourceTree = "<group>"; };
		3C6993CE2190D70900BEA7C9 /* Utils.swift */ = {isa = PBXFileReference; lastKnownFileType = sourcecode.swift; path = Utils.swift; sourceTree = "<group>"; };
		3C7BC4E0218E3CFF001E15C2 /* TestViewController.swift */ = {isa = PBXFileReference; lastKnownFileType = sourcecode.swift; path = TestViewController.swift; sourceTree = "<group>"; };
		3CC9AE552199F07000BD2E75 /* EditUserViewController.swift */ = {isa = PBXFileReference; lastKnownFileType = sourcecode.swift; path = EditUserViewController.swift; sourceTree = "<group>"; };
		3CC9AE572199F1DE00BD2E75 /* giselle.jpg */ = {isa = PBXFileReference; lastKnownFileType = image.jpeg; path = giselle.jpg; sourceTree = "<group>"; };
		3CC9AE61219A083400BD2E75 /* outline_mail_outline_black_24dp.png */ = {isa = PBXFileReference; lastKnownFileType = image.png; path = outline_mail_outline_black_24dp.png; sourceTree = "<group>"; };
		3CC9AE62219A083400BD2E75 /* outline_contact_support_black_24dp.png */ = {isa = PBXFileReference; lastKnownFileType = image.png; path = outline_contact_support_black_24dp.png; sourceTree = "<group>"; };
		C4B94397762FE5AC271FA787 /* Pods_FinalProject.framework */ = {isa = PBXFileReference; explicitFileType = wrapper.framework; includeInIndex = 0; path = Pods_FinalProject.framework; sourceTree = BUILT_PRODUCTS_DIR; };
		C8185C2D219CB65D00F0A04E /* InstructionViewController.swift */ = {isa = PBXFileReference; lastKnownFileType = sourcecode.swift; path = InstructionViewController.swift; sourceTree = "<group>"; };
		C8185C2F219CB96F00F0A04E /* Instructions.html */ = {isa = PBXFileReference; lastKnownFileType = text.html; path = Instructions.html; sourceTree = "<group>"; };
		C88F9D4B2192646C00D9EF81 /* MenuTableTableViewController.swift */ = {isa = PBXFileReference; lastKnownFileType = sourcecode.swift; path = MenuTableTableViewController.swift; sourceTree = "<group>"; };
		C88F9D562192756E00D9EF81 /* outline_home_black_24pt_2x.png */ = {isa = PBXFileReference; lastKnownFileType = image.png; path = outline_home_black_24pt_2x.png; sourceTree = "<group>"; };
		C88F9D572192756E00D9EF81 /* outline_exit_to_app_black_24pt_2x.png */ = {isa = PBXFileReference; lastKnownFileType = image.png; path = outline_exit_to_app_black_24pt_2x.png; sourceTree = "<group>"; };
		C88F9D582192756E00D9EF81 /* outline_credit_card_black_24pt_2x.png */ = {isa = PBXFileReference; lastKnownFileType = image.png; path = outline_credit_card_black_24pt_2x.png; sourceTree = "<group>"; };
		C88F9D592192756E00D9EF81 /* outline_assessment_black_24pt_2x.png */ = {isa = PBXFileReference; lastKnownFileType = image.png; path = outline_assessment_black_24pt_2x.png; sourceTree = "<group>"; };
		C88F9D5A2192756E00D9EF81 /* outline_person_black_24pt_2x.png */ = {isa = PBXFileReference; lastKnownFileType = image.png; path = outline_person_black_24pt_2x.png; sourceTree = "<group>"; };
		C88F9D5B2192756E00D9EF81 /* outline_receipt_black_24pt_2x.png */ = {isa = PBXFileReference; lastKnownFileType = image.png; path = outline_receipt_black_24pt_2x.png; sourceTree = "<group>"; };
		C88F9D5C2192756E00D9EF81 /* outline_location_on_black_24pt_2x.png */ = {isa = PBXFileReference; lastKnownFileType = image.png; path = outline_location_on_black_24pt_2x.png; sourceTree = "<group>"; };
		C88F9D5D2192756E00D9EF81 /* outline_time_to_leave_black_24pt_2x.png */ = {isa = PBXFileReference; lastKnownFileType = image.png; path = outline_time_to_leave_black_24pt_2x.png; sourceTree = "<group>"; };
		D474A8CA21A1CF3600C26CE7 /* TicketComposer.swift */ = {isa = PBXFileReference; fileEncoding = 4; lastKnownFileType = sourcecode.swift; path = TicketComposer.swift; sourceTree = "<group>"; };
		D474A8CC21A1CF8800C26CE7 /* ticket_template.html */ = {isa = PBXFileReference; fileEncoding = 4; lastKnownFileType = text.html; path = ticket_template.html; sourceTree = "<group>"; };
		D474A8CE21A1D8EB00C26CE7 /* CustomPrintPageRenderer.swift */ = {isa = PBXFileReference; fileEncoding = 4; lastKnownFileType = sourcecode.swift; path = CustomPrintPageRenderer.swift; sourceTree = "<group>"; };
		D49DD7BE219BACC80002768C /* AddTicketViewController.swift */ = {isa = PBXFileReference; lastKnownFileType = sourcecode.swift; path = AddTicketViewController.swift; sourceTree = "<group>"; };
		D4DA482021A0B8370001750B /* PreviewViewController.swift */ = {isa = PBXFileReference; lastKnownFileType = sourcecode.swift; path = PreviewViewController.swift; sourceTree = "<group>"; };
		D4DA482321A0BBFB0001750B /* Base */ = {isa = PBXFileReference; lastKnownFileType = text.plist.xml; name = Base; path = FinalProject/Base.lproj/Ticket.plist; sourceTree = "<group>"; };
		E520C59698691F60939E379B /* Pods-FinalProject.debug.xcconfig */ = {isa = PBXFileReference; includeInIndex = 1; lastKnownFileType = text.xcconfig; name = "Pods-FinalProject.debug.xcconfig"; path = "Pods/Target Support Files/Pods-FinalProject/Pods-FinalProject.debug.xcconfig"; sourceTree = "<group>"; };
/* End PBXFileReference section */

/* Begin PBXFrameworksBuildPhase section */
		3C4AA098218C9098006DE138 /* Frameworks */ = {
			isa = PBXFrameworksBuildPhase;
			buildActionMask = 2147483647;
			files = (
				BE42802D94B29D6B10FCF298 /* Pods_FinalProject.framework in Frameworks */,
			);
			runOnlyForDeploymentPostprocessing = 0;
		};
/* End PBXFrameworksBuildPhase section */

/* Begin PBXGroup section */
		3C294EC0219B43C00027042B /* ParkingLocation */ = {
			isa = PBXGroup;
			children = (
				3C294EC1219B43FF0027042B /* ParkingLocationViewController.swift */,
			);
			path = ParkingLocation;
			sourceTree = "<group>";
		};
		3C294EC5219B69480027042B /* Contact */ = {
			isa = PBXGroup;
			children = (
				3C294EC6219B69670027042B /* ContactViewController.swift */,
			);
			path = Contact;
			sourceTree = "<group>";
		};
		3C294EC8219B6D2F0027042B /* ParkingReport */ = {
			isa = PBXGroup;
			children = (
				3C294ECB219B701A0027042B /* ParkingReportTableViewController.swift */,
			);
			path = ParkingReport;
			sourceTree = "<group>";
		};
		3C4AA092218C9097006DE138 = {
			isa = PBXGroup;
			children = (
				3C4AA09D218C9098006DE138 /* FinalProject */,
				3C4AA09C218C9098006DE138 /* Products */,
				BA3E0CC91EF6FA77FDAF022F /* Pods */,
				EF60AE35A371656BA6890AC7 /* Frameworks */,
			);
			sourceTree = "<group>";
		};
		3C4AA09C218C9098006DE138 /* Products */ = {
			isa = PBXGroup;
			children = (
				3C4AA09B218C9098006DE138 /* FinalProject.app */,
			);
			name = Products;
			sourceTree = "<group>";
		};
		3C4AA09D218C9098006DE138 /* FinalProject */ = {
			isa = PBXGroup;
			children = (
				D4DA481F21A0B7CF0001750B /* Ticket */,
				C8185C2C219CB61400F0A04E /* Instructions */,
				3C294EC8219B6D2F0027042B /* ParkingReport */,
				3C294EC5219B69480027042B /* Contact */,
				3C294EC0219B43C00027042B /* ParkingLocation */,
				3C69724F219652C000DF9C23 /* Menu */,
				C88F9D552192756200D9EF81 /* Images */,
				3C6993CD2190D6EE00BEA7C9 /* Utils */,
				3CC0190D218E0888007DDB3C /* User */,
				3C4AA09E218C9098006DE138 /* AppDelegate.swift */,
				3C4AA0A0218C9098006DE138 /* LauncherViewController.swift */,
				3C4AA0A2218C9098006DE138 /* Main.storyboard */,
				3C4AA0A5218C909D006DE138 /* Assets.xcassets */,
				3C4AA0A7218C909D006DE138 /* LaunchScreen.storyboard */,
				3C4AA0AA218C909D006DE138 /* Info.plist */,
				3C3AC8AB218D580E0099B741 /* GoogleService-Info.plist */,
				3C294EEF219BB2AF0027042B /* Ticket.plist */,
			);
			path = FinalProject;
			sourceTree = "<group>";
		};
		3C69724F219652C000DF9C23 /* Menu */ = {
			isa = PBXGroup;
			children = (
				C88F9D4B2192646C00D9EF81 /* MenuTableTableViewController.swift */,
			);
			path = Menu;
			sourceTree = "<group>";
		};
		3C6993CD2190D6EE00BEA7C9 /* Utils */ = {
			isa = PBXGroup;
			children = (
				3C6993CE2190D70900BEA7C9 /* Utils.swift */,
			);
			path = Utils;
			sourceTree = "<group>";
		};
		3CC0190D218E0888007DDB3C /* User */ = {
			isa = PBXGroup;
			children = (
				3C3AC876218CC9E00099B741 /* LoginViewController.swift */,
				3C3AC878218CF90E0099B741 /* RegisterViewController.swift */,
				3C7BC4E0218E3CFF001E15C2 /* TestViewController.swift */,
				3CC9AE552199F07000BD2E75 /* EditUserViewController.swift */,
			);
			path = User;
			sourceTree = "<group>";
		};
		BA3E0CC91EF6FA77FDAF022F /* Pods */ = {
			isa = PBXGroup;
			children = (
				E520C59698691F60939E379B /* Pods-FinalProject.debug.xcconfig */,
				18AE7259AED7F2FB6E03A25A /* Pods-FinalProject.release.xcconfig */,
			);
			name = Pods;
			sourceTree = "<group>";
		};
		C8185C2C219CB61400F0A04E /* Instructions */ = {
			isa = PBXGroup;
			children = (
				C8185C2D219CB65D00F0A04E /* InstructionViewController.swift */,
				C8185C2F219CB96F00F0A04E /* Instructions.html */,
			);
			path = Instructions;
			sourceTree = "<group>";
		};
		C88F9D552192756200D9EF81 /* Images */ = {
			isa = PBXGroup;
			children = (
				3CC9AE62219A083400BD2E75 /* outline_contact_support_black_24dp.png */,
				3CC9AE61219A083400BD2E75 /* outline_mail_outline_black_24dp.png */,
				3CC9AE572199F1DE00BD2E75 /* giselle.jpg */,
				C88F9D592192756E00D9EF81 /* outline_assessment_black_24pt_2x.png */,
				C88F9D582192756E00D9EF81 /* outline_credit_card_black_24pt_2x.png */,
				C88F9D572192756E00D9EF81 /* outline_exit_to_app_black_24pt_2x.png */,
				C88F9D562192756E00D9EF81 /* outline_home_black_24pt_2x.png */,
				C88F9D5C2192756E00D9EF81 /* outline_location_on_black_24pt_2x.png */,
				C88F9D5A2192756E00D9EF81 /* outline_person_black_24pt_2x.png */,
				C88F9D5B2192756E00D9EF81 /* outline_receipt_black_24pt_2x.png */,
				C88F9D5D2192756E00D9EF81 /* outline_time_to_leave_black_24pt_2x.png */,
			);
			path = Images;
			sourceTree = "<group>";
		};
		D4DA481F21A0B7CF0001750B /* Ticket */ = {
			isa = PBXGroup;
			children = (
				D4DA482221A0BBFB0001750B /* Ticket.plist */,
				D474A8CC21A1CF8800C26CE7 /* ticket_template.html */,
				D474A8CE21A1D8EB00C26CE7 /* CustomPrintPageRenderer.swift */,
				D49DD7BE219BACC80002768C /* AddTicketViewController.swift */,
				D4DA482021A0B8370001750B /* PreviewViewController.swift */,
				D474A8CA21A1CF3600C26CE7 /* TicketComposer.swift */,
			);
			path = Ticket;
			sourceTree = "<group>";
		};
		EF60AE35A371656BA6890AC7 /* Frameworks */ = {
			isa = PBXGroup;
			children = (
				C4B94397762FE5AC271FA787 /* Pods_FinalProject.framework */,
			);
			name = Frameworks;
			sourceTree = "<group>";
		};
/* End PBXGroup section */

/* Begin PBXNativeTarget section */
		3C4AA09A218C9098006DE138 /* FinalProject */ = {
			isa = PBXNativeTarget;
			buildConfigurationList = 3C4AA0AD218C909D006DE138 /* Build configuration list for PBXNativeTarget "FinalProject" */;
			buildPhases = (
				D938CA0501F60306A63E66E6 /* [CP] Check Pods Manifest.lock */,
				3C4AA097218C9098006DE138 /* Sources */,
				3C4AA098218C9098006DE138 /* Frameworks */,
				3C4AA099218C9098006DE138 /* Resources */,
				B1CFBDACFBA1D16800F46DCF /* [CP] Embed Pods Frameworks */,
				34B6808C15829365FE212858 /* [CP] Copy Pods Resources */,
			);
			buildRules = (
			);
			dependencies = (
			);
			name = FinalProject;
			productName = FinalProject;
			productReference = 3C4AA09B218C9098006DE138 /* FinalProject.app */;
			productType = "com.apple.product-type.application";
		};
/* End PBXNativeTarget section */

/* Begin PBXProject section */
		3C4AA093218C9097006DE138 /* Project object */ = {
			isa = PBXProject;
			attributes = {
				LastSwiftUpdateCheck = 1010;
				LastUpgradeCheck = 1010;
				ORGANIZATIONNAME = "Giselle Tavares";
				TargetAttributes = {
					3C4AA09A218C9098006DE138 = {
						CreatedOnToolsVersion = 10.1;
					};
				};
			};
			buildConfigurationList = 3C4AA096218C9097006DE138 /* Build configuration list for PBXProject "FinalProject" */;
			compatibilityVersion = "Xcode 9.3";
			developmentRegion = en;
			hasScannedForEncodings = 0;
			knownRegions = (
				en,
				Base,
			);
			mainGroup = 3C4AA092218C9097006DE138;
			productRefGroup = 3C4AA09C218C9098006DE138 /* Products */;
			projectDirPath = "";
			projectRoot = "";
			targets = (
				3C4AA09A218C9098006DE138 /* FinalProject */,
			);
		};
/* End PBXProject section */

/* Begin PBXResourcesBuildPhase section */
		3C4AA099218C9098006DE138 /* Resources */ = {
			isa = PBXResourcesBuildPhase;
			buildActionMask = 2147483647;
			files = (
				3C4AA0A9218C909D006DE138 /* LaunchScreen.storyboard in Resources */,
				C88F9D602192756F00D9EF81 /* outline_credit_card_black_24pt_2x.png in Resources */,
				C88F9D642192756F00D9EF81 /* outline_location_on_black_24pt_2x.png in Resources */,
				3CC9AE582199F1DE00BD2E75 /* giselle.jpg in Resources */,
				3C3AC8AC218D580E0099B741 /* GoogleService-Info.plist in Resources */,
				3C4AA0A6218C909D006DE138 /* Assets.xcassets in Resources */,
				C88F9D5F2192756F00D9EF81 /* outline_exit_to_app_black_24pt_2x.png in Resources */,
				C88F9D622192756F00D9EF81 /* outline_person_black_24pt_2x.png in Resources */,
				3C4AA0A4218C9098006DE138 /* Main.storyboard in Resources */,
				C8185C30219CB96F00F0A04E /* Instructions.html in Resources */,
				C88F9D5E2192756F00D9EF81 /* outline_home_black_24pt_2x.png in Resources */,
				D4DA482421A0BBFC0001750B /* Ticket.plist in Resources */,
				C88F9D632192756F00D9EF81 /* outline_receipt_black_24pt_2x.png in Resources */,
				3CC9AE64219A083500BD2E75 /* outline_contact_support_black_24dp.png in Resources */,
				D474A8CD21A1CF8800C26CE7 /* ticket_template.html in Resources */,
				3CC9AE63219A083500BD2E75 /* outline_mail_outline_black_24dp.png in Resources */,
				C88F9D612192756F00D9EF81 /* outline_assessment_black_24pt_2x.png in Resources */,
				C88F9D652192756F00D9EF81 /* outline_time_to_leave_black_24pt_2x.png in Resources */,
			);
			runOnlyForDeploymentPostprocessing = 0;
		};
/* End PBXResourcesBuildPhase section */

/* Begin PBXShellScriptBuildPhase section */
		34B6808C15829365FE212858 /* [CP] Copy Pods Resources */ = {
			isa = PBXShellScriptBuildPhase;
			buildActionMask = 2147483647;
			files = (
			);
			inputPaths = (
				"${SRCROOT}/Pods/Target Support Files/Pods-FinalProject/Pods-FinalProject-resources.sh",
				"${PODS_CONFIGURATION_BUILD_DIR}/FirebaseUI/FirebaseAuthUI.bundle",
				"${PODS_CONFIGURATION_BUILD_DIR}/FirebaseUI/FirebaseGoogleAuthUI.bundle",
				"${PODS_ROOT}/GoogleSignIn/Resources/GoogleSignIn.bundle",
			);
			name = "[CP] Copy Pods Resources";
			outputPaths = (
				"${TARGET_BUILD_DIR}/${UNLOCALIZED_RESOURCES_FOLDER_PATH}/FirebaseAuthUI.bundle",
				"${TARGET_BUILD_DIR}/${UNLOCALIZED_RESOURCES_FOLDER_PATH}/FirebaseGoogleAuthUI.bundle",
				"${TARGET_BUILD_DIR}/${UNLOCALIZED_RESOURCES_FOLDER_PATH}/GoogleSignIn.bundle",
			);
			runOnlyForDeploymentPostprocessing = 0;
			shellPath = /bin/sh;
			shellScript = "\"${SRCROOT}/Pods/Target Support Files/Pods-FinalProject/Pods-FinalProject-resources.sh\"\n";
			showEnvVarsInLog = 0;
		};
		B1CFBDACFBA1D16800F46DCF /* [CP] Embed Pods Frameworks */ = {
			isa = PBXShellScriptBuildPhase;
			buildActionMask = 2147483647;
			files = (
			);
			inputPaths = (
				"${SRCROOT}/Pods/Target Support Files/Pods-FinalProject/Pods-FinalProject-frameworks.sh",
				"${BUILT_PRODUCTS_DIR}/GTMOAuth2/GTMOAuth2.framework",
				"${BUILT_PRODUCTS_DIR}/GTMSessionFetcher/GTMSessionFetcher.framework",
				"${BUILT_PRODUCTS_DIR}/GoogleToolboxForMac/GoogleToolboxForMac.framework",
				"${BUILT_PRODUCTS_DIR}/GoogleUtilities/GoogleUtilities.framework",
				"${BUILT_PRODUCTS_DIR}/leveldb-library/leveldb.framework",
				"${BUILT_PRODUCTS_DIR}/nanopb/nanopb.framework",
			);
			name = "[CP] Embed Pods Frameworks";
			outputPaths = (
				"${TARGET_BUILD_DIR}/${FRAMEWORKS_FOLDER_PATH}/GTMOAuth2.framework",
				"${TARGET_BUILD_DIR}/${FRAMEWORKS_FOLDER_PATH}/GTMSessionFetcher.framework",
				"${TARGET_BUILD_DIR}/${FRAMEWORKS_FOLDER_PATH}/GoogleToolboxForMac.framework",
				"${TARGET_BUILD_DIR}/${FRAMEWORKS_FOLDER_PATH}/GoogleUtilities.framework",
				"${TARGET_BUILD_DIR}/${FRAMEWORKS_FOLDER_PATH}/leveldb.framework",
				"${TARGET_BUILD_DIR}/${FRAMEWORKS_FOLDER_PATH}/nanopb.framework",
			);
			runOnlyForDeploymentPostprocessing = 0;
			shellPath = /bin/sh;
			shellScript = "\"${SRCROOT}/Pods/Target Support Files/Pods-FinalProject/Pods-FinalProject-frameworks.sh\"\n";
			showEnvVarsInLog = 0;
		};
		D938CA0501F60306A63E66E6 /* [CP] Check Pods Manifest.lock */ = {
			isa = PBXShellScriptBuildPhase;
			buildActionMask = 2147483647;
			files = (
			);
			inputPaths = (
				"${PODS_PODFILE_DIR_PATH}/Podfile.lock",
				"${PODS_ROOT}/Manifest.lock",
			);
			name = "[CP] Check Pods Manifest.lock";
			outputPaths = (
				"$(DERIVED_FILE_DIR)/Pods-FinalProject-checkManifestLockResult.txt",
			);
			runOnlyForDeploymentPostprocessing = 0;
			shellPath = /bin/sh;
			shellScript = "diff \"${PODS_PODFILE_DIR_PATH}/Podfile.lock\" \"${PODS_ROOT}/Manifest.lock\" > /dev/null\nif [ $? != 0 ] ; then\n    # print error to STDERR\n    echo \"error: The sandbox is not in sync with the Podfile.lock. Run 'pod install' or update your CocoaPods installation.\" >&2\n    exit 1\nfi\n# This output is used by Xcode 'outputs' to avoid re-running this script phase.\necho \"SUCCESS\" > \"${SCRIPT_OUTPUT_FILE_0}\"\n";
			showEnvVarsInLog = 0;
		};
/* End PBXShellScriptBuildPhase section */

/* Begin PBXSourcesBuildPhase section */
		3C4AA097218C9098006DE138 /* Sources */ = {
			isa = PBXSourcesBuildPhase;
			buildActionMask = 2147483647;
			files = (
				3C294ECC219B701A0027042B /* ParkingReportTableViewController.swift in Sources */,
				3C294EC2219B43FF0027042B /* ParkingLocationViewController.swift in Sources */,
				3C3AC877218CC9E00099B741 /* LoginViewController.swift in Sources */,
				D474A8CF21A1D8EB00C26CE7 /* CustomPrintPageRenderer.swift in Sources */,
				3C4AA0A1218C9098006DE138 /* LauncherViewController.swift in Sources */,
				D49DD7BF219BACC80002768C /* AddTicketViewController.swift in Sources */,
				3C4AA09F218C9098006DE138 /* AppDelegate.swift in Sources */,
				3CC9AE562199F07000BD2E75 /* EditUserViewController.swift in Sources */,
				3C7BC4E1218E3CFF001E15C2 /* TestViewController.swift in Sources */,
				C88F9D4C2192646C00D9EF81 /* MenuTableTableViewController.swift in Sources */,
				C8185C2E219CB65D00F0A04E /* InstructionViewController.swift in Sources */,
				3C3AC879218CF90E0099B741 /* RegisterViewController.swift in Sources */,
				3C6993CF2190D70900BEA7C9 /* Utils.swift in Sources */,
				3C294EC7219B69670027042B /* ContactViewController.swift in Sources */,
				D4DA482121A0B8380001750B /* PreviewViewController.swift in Sources */,
				D474A8CB21A1CF3600C26CE7 /* TicketComposer.swift in Sources */,
			);
			runOnlyForDeploymentPostprocessing = 0;
		};
/* End PBXSourcesBuildPhase section */

/* Begin PBXVariantGroup section */
		3C4AA0A2218C9098006DE138 /* Main.storyboard */ = {
			isa = PBXVariantGroup;
			children = (
				3C4AA0A3218C9098006DE138 /* Base */,
			);
			name = Main.storyboard;
			sourceTree = "<group>";
		};
		3C4AA0A7218C909D006DE138 /* LaunchScreen.storyboard */ = {
			isa = PBXVariantGroup;
			children = (
				3C4AA0A8218C909D006DE138 /* Base */,
			);
			name = LaunchScreen.storyboard;
			sourceTree = "<group>";
		};
		D4DA482221A0BBFB0001750B /* Ticket.plist */ = {
			isa = PBXVariantGroup;
			children = (
				D4DA482321A0BBFB0001750B /* Base */,
			);
			name = Ticket.plist;
			sourceTree = "<group>";
		};
/* End PBXVariantGroup section */

/* Begin XCBuildConfiguration section */
		3C4AA0AB218C909D006DE138 /* Debug */ = {
			isa = XCBuildConfiguration;
			buildSettings = {
				ALWAYS_SEARCH_USER_PATHS = NO;
				CLANG_ANALYZER_NONNULL = YES;
				CLANG_ANALYZER_NUMBER_OBJECT_CONVERSION = YES_AGGRESSIVE;
				CLANG_CXX_LANGUAGE_STANDARD = "gnu++14";
				CLANG_CXX_LIBRARY = "libc++";
				CLANG_ENABLE_MODULES = YES;
				CLANG_ENABLE_OBJC_ARC = YES;
				CLANG_ENABLE_OBJC_WEAK = YES;
				CLANG_WARN_BLOCK_CAPTURE_AUTORELEASING = YES;
				CLANG_WARN_BOOL_CONVERSION = YES;
				CLANG_WARN_COMMA = YES;
				CLANG_WARN_CONSTANT_CONVERSION = YES;
				CLANG_WARN_DEPRECATED_OBJC_IMPLEMENTATIONS = YES;
				CLANG_WARN_DIRECT_OBJC_ISA_USAGE = YES_ERROR;
				CLANG_WARN_DOCUMENTATION_COMMENTS = YES;
				CLANG_WARN_EMPTY_BODY = YES;
				CLANG_WARN_ENUM_CONVERSION = YES;
				CLANG_WARN_INFINITE_RECURSION = YES;
				CLANG_WARN_INT_CONVERSION = YES;
				CLANG_WARN_NON_LITERAL_NULL_CONVERSION = YES;
				CLANG_WARN_OBJC_IMPLICIT_RETAIN_SELF = YES;
				CLANG_WARN_OBJC_LITERAL_CONVERSION = YES;
				CLANG_WARN_OBJC_ROOT_CLASS = YES_ERROR;
				CLANG_WARN_RANGE_LOOP_ANALYSIS = YES;
				CLANG_WARN_STRICT_PROTOTYPES = YES;
				CLANG_WARN_SUSPICIOUS_MOVE = YES;
				CLANG_WARN_UNGUARDED_AVAILABILITY = YES_AGGRESSIVE;
				CLANG_WARN_UNREACHABLE_CODE = YES;
				CLANG_WARN__DUPLICATE_METHOD_MATCH = YES;
				CODE_SIGN_IDENTITY = "iPhone Developer";
				COPY_PHASE_STRIP = NO;
				DEBUG_INFORMATION_FORMAT = dwarf;
				ENABLE_STRICT_OBJC_MSGSEND = YES;
				ENABLE_TESTABILITY = YES;
				GCC_C_LANGUAGE_STANDARD = gnu11;
				GCC_DYNAMIC_NO_PIC = NO;
				GCC_NO_COMMON_BLOCKS = YES;
				GCC_OPTIMIZATION_LEVEL = 0;
				GCC_PREPROCESSOR_DEFINITIONS = (
					"DEBUG=1",
					"$(inherited)",
				);
				GCC_WARN_64_TO_32_BIT_CONVERSION = YES;
				GCC_WARN_ABOUT_RETURN_TYPE = YES_ERROR;
				GCC_WARN_UNDECLARED_SELECTOR = YES;
				GCC_WARN_UNINITIALIZED_AUTOS = YES_AGGRESSIVE;
				GCC_WARN_UNUSED_FUNCTION = YES;
				GCC_WARN_UNUSED_VARIABLE = YES;
				IPHONEOS_DEPLOYMENT_TARGET = 12.1;
				MTL_ENABLE_DEBUG_INFO = INCLUDE_SOURCE;
				MTL_FAST_MATH = YES;
				ONLY_ACTIVE_ARCH = YES;
				SDKROOT = iphoneos;
				SWIFT_ACTIVE_COMPILATION_CONDITIONS = DEBUG;
				SWIFT_OPTIMIZATION_LEVEL = "-Onone";
			};
			name = Debug;
		};
		3C4AA0AC218C909D006DE138 /* Release */ = {
			isa = XCBuildConfiguration;
			buildSettings = {
				ALWAYS_SEARCH_USER_PATHS = NO;
				CLANG_ANALYZER_NONNULL = YES;
				CLANG_ANALYZER_NUMBER_OBJECT_CONVERSION = YES_AGGRESSIVE;
				CLANG_CXX_LANGUAGE_STANDARD = "gnu++14";
				CLANG_CXX_LIBRARY = "libc++";
				CLANG_ENABLE_MODULES = YES;
				CLANG_ENABLE_OBJC_ARC = YES;
				CLANG_ENABLE_OBJC_WEAK = YES;
				CLANG_WARN_BLOCK_CAPTURE_AUTORELEASING = YES;
				CLANG_WARN_BOOL_CONVERSION = YES;
				CLANG_WARN_COMMA = YES;
				CLANG_WARN_CONSTANT_CONVERSION = YES;
				CLANG_WARN_DEPRECATED_OBJC_IMPLEMENTATIONS = YES;
				CLANG_WARN_DIRECT_OBJC_ISA_USAGE = YES_ERROR;
				CLANG_WARN_DOCUMENTATION_COMMENTS = YES;
				CLANG_WARN_EMPTY_BODY = YES;
				CLANG_WARN_ENUM_CONVERSION = YES;
				CLANG_WARN_INFINITE_RECURSION = YES;
				CLANG_WARN_INT_CONVERSION = YES;
				CLANG_WARN_NON_LITERAL_NULL_CONVERSION = YES;
				CLANG_WARN_OBJC_IMPLICIT_RETAIN_SELF = YES;
				CLANG_WARN_OBJC_LITERAL_CONVERSION = YES;
				CLANG_WARN_OBJC_ROOT_CLASS = YES_ERROR;
				CLANG_WARN_RANGE_LOOP_ANALYSIS = YES;
				CLANG_WARN_STRICT_PROTOTYPES = YES;
				CLANG_WARN_SUSPICIOUS_MOVE = YES;
				CLANG_WARN_UNGUARDED_AVAILABILITY = YES_AGGRESSIVE;
				CLANG_WARN_UNREACHABLE_CODE = YES;
				CLANG_WARN__DUPLICATE_METHOD_MATCH = YES;
				CODE_SIGN_IDENTITY = "iPhone Developer";
				COPY_PHASE_STRIP = NO;
				DEBUG_INFORMATION_FORMAT = "dwarf-with-dsym";
				ENABLE_NS_ASSERTIONS = NO;
				ENABLE_STRICT_OBJC_MSGSEND = YES;
				GCC_C_LANGUAGE_STANDARD = gnu11;
				GCC_NO_COMMON_BLOCKS = YES;
				GCC_WARN_64_TO_32_BIT_CONVERSION = YES;
				GCC_WARN_ABOUT_RETURN_TYPE = YES_ERROR;
				GCC_WARN_UNDECLARED_SELECTOR = YES;
				GCC_WARN_UNINITIALIZED_AUTOS = YES_AGGRESSIVE;
				GCC_WARN_UNUSED_FUNCTION = YES;
				GCC_WARN_UNUSED_VARIABLE = YES;
				IPHONEOS_DEPLOYMENT_TARGET = 12.1;
				MTL_ENABLE_DEBUG_INFO = NO;
				MTL_FAST_MATH = YES;
				SDKROOT = iphoneos;
				SWIFT_COMPILATION_MODE = wholemodule;
				SWIFT_OPTIMIZATION_LEVEL = "-O";
				VALIDATE_PRODUCT = YES;
			};
			name = Release;
		};
		3C4AA0AE218C909D006DE138 /* Debug */ = {
			isa = XCBuildConfiguration;
			baseConfigurationReference = E520C59698691F60939E379B /* Pods-FinalProject.debug.xcconfig */;
			buildSettings = {
				ASSETCATALOG_COMPILER_APPICON_NAME = AppIcon;
				CODE_SIGN_STYLE = Automatic;
				DEVELOPMENT_TEAM = 9YGPLVL77V;
				INFOPLIST_FILE = FinalProject/Info.plist;
				IPHONEOS_DEPLOYMENT_TARGET = 12.0;
				LD_RUNPATH_SEARCH_PATHS = (
					"$(inherited)",
					"@executable_path/Frameworks",
				);
				PRODUCT_BUNDLE_IDENTIFIER = com.giselletavares.FinalProject;
				PRODUCT_NAME = "$(TARGET_NAME)";
				SWIFT_VERSION = 4.2;
				TARGETED_DEVICE_FAMILY = "1,2";
			};
			name = Debug;
		};
		3C4AA0AF218C909D006DE138 /* Release */ = {
			isa = XCBuildConfiguration;
			baseConfigurationReference = 18AE7259AED7F2FB6E03A25A /* Pods-FinalProject.release.xcconfig */;
			buildSettings = {
				ASSETCATALOG_COMPILER_APPICON_NAME = AppIcon;
				CODE_SIGN_STYLE = Automatic;
				DEVELOPMENT_TEAM = 9YGPLVL77V;
				INFOPLIST_FILE = FinalProject/Info.plist;
				IPHONEOS_DEPLOYMENT_TARGET = 12.0;
				LD_RUNPATH_SEARCH_PATHS = (
					"$(inherited)",
					"@executable_path/Frameworks",
				);
				PRODUCT_BUNDLE_IDENTIFIER = com.giselletavares.FinalProject;
				PRODUCT_NAME = "$(TARGET_NAME)";
				SWIFT_VERSION = 4.2;
				TARGETED_DEVICE_FAMILY = "1,2";
			};
			name = Release;
		};
/* End XCBuildConfiguration section */

/* Begin XCConfigurationList section */
		3C4AA096218C9097006DE138 /* Build configuration list for PBXProject "FinalProject" */ = {
			isa = XCConfigurationList;
			buildConfigurations = (
				3C4AA0AB218C909D006DE138 /* Debug */,
				3C4AA0AC218C909D006DE138 /* Release */,
			);
			defaultConfigurationIsVisible = 0;
			defaultConfigurationName = Release;
		};
		3C4AA0AD218C909D006DE138 /* Build configuration list for PBXNativeTarget "FinalProject" */ = {
			isa = XCConfigurationList;
			buildConfigurations = (
				3C4AA0AE218C909D006DE138 /* Debug */,
				3C4AA0AF218C909D006DE138 /* Release */,
			);
			defaultConfigurationIsVisible = 0;
			defaultConfigurationName = Release;
		};
/* End XCConfigurationList section */
	};
	rootObject = 3C4AA093218C9097006DE138 /* Project object */;
}
